PODS:
  - Alloy (0.14.1):
    - Alloy/Core (= 0.14.1)
  - Alloy/Core (0.14.1)
  - Alloy/Shaders (0.14.1):
    - Alloy/Core
  - Bonjour (2.0.0)
  - DeviceKit (3.2.0)
  - MetalView (1.0.1):
    - Alloy (~> 0.14.1)
    - SwiftMath (~> 3.2.1)
  - PHAssetPicker (1.0.4):
    - SnapKit
  - ResourcesBridge (0.0.1):
    - Bonjour (~> 2.0.0)
  - SnapKit (5.0.1)
  - SwiftGen (6.1.0)
  - SwiftMath (3.2.1)
  - SwiftSnapshotTesting (0.0.1):
    - Alloy/Shaders
    - DeviceKit
    - ResourcesBridge

DEPENDENCIES:
  - Alloy/Shaders
  - MetalView
  - PHAssetPicker
  - SnapKit
  - SwiftGen
  - SwiftSnapshotTesting (from `~/github/eugenebokhan/SwiftSnapshotTesting`)

SPEC REPOS:
  trunk:
    - Alloy
    - Bonjour
    - DeviceKit
    - MetalView
    - PHAssetPicker
    - ResourcesBridge
    - SnapKit
    - SwiftGen
    - SwiftMath

EXTERNAL SOURCES:
  SwiftSnapshotTesting:
    :path: "~/github/eugenebokhan/SwiftSnapshotTesting"

SPEC CHECKSUMS:
  Alloy: 699cc1a530ca68527ff2edea90584a68e72bd745
  Bonjour: a52029bab80a09db135341bfbfbd174856081d0a
  DeviceKit: d081659419cce07c0b5239dbc9fb39ed7413c7fe
  MetalView: a5ed24394208ad036a5e34453bac9bee1928e36f
  PHAssetPicker: a307f33bbe06cc98430d9116b72f4be0cca05971
  ResourcesBridge: a807379462688203387b25180cbf6c5a30b04d9b
  SnapKit: 97b92857e3df3a0c71833cce143274bf6ef8e5eb
  SwiftGen: f872ca75cbd17bf7103c17f13dcfa0d9a15667b0
  SwiftMath: 5ae74160b077a63752d6cce4fbe85657dad6b534
  SwiftSnapshotTesting: c9eb87ec279ad9157930882666491bd6fc2bf362

PODFILE CHECKSUM: 5794ea8f7c4d0bf6edd8bb406c482aa5319a1928

COCOAPODS: 1.9.3
